
Microsoft Visual Studio Solution File, Format Version 12.00
# Visual Studio Version 17
VisualStudioVersion = 17.14.36623.8
MinimumVisualStudioVersion = 10.0.40219.1
Project("{8BC9CEB8-8B4A-11D0-8D11-00A0C91BC942}") = "Hello", "Hello\Hello.vcxproj", "{8862D42F-89E6-49FE-91CE-0993A9D1B392}"
EndProject
Project("{8BC9CEB8-8B4A-11D0-8D11-00A0C91BC942}") = "Jumper", "Jumper\Jumper.vcxproj", "{ADBEF741-28C4-4C0B-A7FE-A493E06E5387}"
EndProject
Project("{8BC9CEB8-8B4A-11D0-8D11-00A0C91BC942}") = "TheWalker", "TheWalker\TheWalker.vcxproj", "{1A85FEB7-B91B-4551-88CF-7792E187A5C4}"
EndProject
Project("{8BC9CEB8-8B4A-11D0-8D11-00A0C91BC942}") = "Collision", "Collision\Collision.vcxproj", "{56CD2B99-004C-4BD6-999B-5CFC8C978804}"
EndProject
Project("{8BC9CEB8-8B4A-11D0-8D11-00A0C91BC942}") = "Interaction", "Interaction\Interaction.vcxproj", "{3E92465A-C6C1-4B86-B78A-303FD4F1A593}"
EndProject
Project("{8BC9CEB8-8B4A-11D0-8D11-00A0C91BC942}") = "ParticleSystem", "ParticleSystem\ParticleSystem.vcxproj", "{B802458A-3573-42E7-A563-685C201E1CBD}"
EndProject
Project("{8BC9CEB8-8B4A-11D0-8D11-00A0C91BC942}") = "Animation", "Animation\Animation.vcxproj", "{28D90833-9F0B-495D-BD42-501D4C53D9CF}"
EndProject
Project("{8BC9CEB8-8B4A-11D0-8D11-00A0C91BC942}") = "Animation2", "Animation2\Animation2.vcxproj", "{FFC9FE52-C7B3-47F9-9233-E718F67416B5}"
EndProject
Project("{8BC9CEB8-8B4A-11D0-8D11-00A0C91BC942}") = "Rotation", "Rotation\Rotation.vcxproj", "{7B771925-B7AD-4CEE-85C0-2189A6BD934A}"
EndProject
Project("{8BC9CEB8-8B4A-11D0-8D11-00A0C91BC942}") = "SolarSystem", "SolarSystem\SolarSystem.vcxproj", "{CBF8AC25-F045-45E7-96D8-978728D2956A}"
EndProject
Global
	GlobalSection(SolutionConfigurationPlatforms) = preSolution
		Debug|x64 = Debug|x64
		Debug|x86 = Debug|x86
		Release|x64 = Release|x64
		Release|x86 = Release|x86
	EndGlobalSection
	GlobalSection(ProjectConfigurationPlatforms) = postSolution
		{8862D42F-89E6-49FE-91CE-0993A9D1B392}.Debug|x64.ActiveCfg = Debug|x64
		{8862D42F-89E6-49FE-91CE-0993A9D1B392}.Debug|x64.Build.0 = Debug|x64
		{8862D42F-89E6-49FE-91CE-0993A9D1B392}.Debug|x86.ActiveCfg = Debug|Win32
		{8862D42F-89E6-49FE-91CE-0993A9D1B392}.Debug|x86.Build.0 = Debug|Win32
		{8862D42F-89E6-49FE-91CE-0993A9D1B392}.Release|x64.ActiveCfg = Release|x64
		{8862D42F-89E6-49FE-91CE-0993A9D1B392}.Release|x64.Build.0 = Release|x64
		{8862D42F-89E6-49FE-91CE-0993A9D1B392}.Release|x86.ActiveCfg = Release|Win32
		{8862D42F-89E6-49FE-91CE-0993A9D1B392}.Release|x86.Build.0 = Release|Win32
		{ADBEF741-28C4-4C0B-A7FE-A493E06E5387}.Debug|x64.ActiveCfg = Debug|x64
		{ADBEF741-28C4-4C0B-A7FE-A493E06E5387}.Debug|x64.Build.0 = Debug|x64
		{ADBEF741-28C4-4C0B-A7FE-A493E06E5387}.Debug|x86.ActiveCfg = Debug|Win32
		{ADBEF741-28C4-4C0B-A7FE-A493E06E5387}.Debug|x86.Build.0 = Debug|Win32
		{ADBEF741-28C4-4C0B-A7FE-A493E06E5387}.Release|x64.ActiveCfg = Release|x64
		{ADBEF741-28C4-4C0B-A7FE-A493E06E5387}.Release|x64.Build.0 = Release|x64
		{ADBEF741-28C4-4C0B-A7FE-A493E06E5387}.Release|x86.ActiveCfg = Release|Win32
		{ADBEF741-28C4-4C0B-A7FE-A493E06E5387}.Release|x86.Build.0 = Release|Win32
		{1A85FEB7-B91B-4551-88CF-7792E187A5C4}.Debug|x64.ActiveCfg = Debug|x64
		{1A85FEB7-B91B-4551-88CF-7792E187A5C4}.Debug|x64.Build.0 = Debug|x64
		{1A85FEB7-B91B-4551-88CF-7792E187A5C4}.Debug|x86.ActiveCfg = Debug|Win32
		{1A85FEB7-B91B-4551-88CF-7792E187A5C4}.Debug|x86.Build.0 = Debug|Win32
		{1A85FEB7-B91B-4551-88CF-7792E187A5C4}.Release|x64.ActiveCfg = Release|x64
		{1A85FEB7-B91B-4551-88CF-7792E187A5C4}.Release|x64.Build.0 = Release|x64
		{1A85FEB7-B91B-4551-88CF-7792E187A5C4}.Release|x86.ActiveCfg = Release|Win32
		{1A85FEB7-B91B-4551-88CF-7792E187A5C4}.Release|x86.Build.0 = Release|Win32
		{56CD2B99-004C-4BD6-999B-5CFC8C978804}.Debug|x64.ActiveCfg = Debug|x64
		{56CD2B99-004C-4BD6-999B-5CFC8C978804}.Debug|x64.Build.0 = Debug|x64
		{56CD2B99-004C-4BD6-999B-5CFC8C978804}.Debug|x86.ActiveCfg = Debug|Win32
		{56CD2B99-004C-4BD6-999B-5CFC8C978804}.Debug|x86.Build.0 = Debug|Win32
		{56CD2B99-004C-4BD6-999B-5CFC8C978804}.Release|x64.ActiveCfg = Release|x64
		{56CD2B99-004C-4BD6-999B-5CFC8C978804}.Release|x64.Build.0 = Release|x64
		{56CD2B99-004C-4BD6-999B-5CFC8C978804}.Release|x86.ActiveCfg = Release|Win32
		{56CD2B99-004C-4BD6-999B-5CFC8C978804}.Release|x86.Build.0 = Release|Win32
		{3E92465A-C6C1-4B86-B78A-303FD4F1A593}.Debug|x64.ActiveCfg = Debug|x64
		{3E92465A-C6C1-4B86-B78A-303FD4F1A593}.Debug|x64.Build.0 = Debug|x64
		{3E92465A-C6C1-4B86-B78A-303FD4F1A593}.Debug|x86.ActiveCfg = Debug|Win32
		{3E92465A-C6C1-4B86-B78A-303FD4F1A593}.Debug|x86.Build.0 = Debug|Win32
		{3E92465A-C6C1-4B86-B78A-303FD4F1A593}.Release|x64.ActiveCfg = Release|x64
		{3E92465A-C6C1-4B86-B78A-303FD4F1A593}.Release|x64.Build.0 = Release|x64
		{3E92465A-C6C1-4B86-B78A-303FD4F1A593}.Release|x86.ActiveCfg = Release|Win32
		{3E92465A-C6C1-4B86-B78A-303FD4F1A593}.Release|x86.Build.0 = Release|Win32
		{B802458A-3573-42E7-A563-685C201E1CBD}.Debug|x64.ActiveCfg = Debug|x64
		{B802458A-3573-42E7-A563-685C201E1CBD}.Debug|x64.Build.0 = Debug|x64
		{B802458A-3573-42E7-A563-685C201E1CBD}.Debug|x86.ActiveCfg = Debug|Win32
		{B802458A-3573-42E7-A563-685C201E1CBD}.Debug|x86.Build.0 = Debug|Win32
		{B802458A-3573-42E7-A563-685C201E1CBD}.Release|x64.ActiveCfg = Release|x64
		{B802458A-3573-42E7-A563-685C201E1CBD}.Release|x64.Build.0 = Release|x64
		{B802458A-3573-42E7-A563-685C201E1CBD}.Release|x86.ActiveCfg = Release|Win32
		{B802458A-3573-42E7-A563-685C201E1CBD}.Release|x86.Build.0 = Release|Win32
		{28D90833-9F0B-495D-BD42-501D4C53D9CF}.Debug|x64.ActiveCfg = Debug|x64
		{28D90833-9F0B-495D-BD42-501D4C53D9CF}.Debug|x64.Build.0 = Debug|x64
		{28D90833-9F0B-495D-BD42-501D4C53D9CF}.Debug|x86.ActiveCfg = Debug|Win32
		{28D90833-9F0B-495D-BD42-501D4C53D9CF}.Debug|x86.Build.0 = Debug|Win32
		{28D90833-9F0B-495D-BD42-501D4C53D9CF}.Release|x64.ActiveCfg = Release|x64
		{28D90833-9F0B-495D-BD42-501D4C53D9CF}.Release|x64.Build.0 = Release|x64
		{28D90833-9F0B-495D-BD42-501D4C53D9CF}.Release|x86.ActiveCfg = Release|Win32
		{28D90833-9F0B-495D-BD42-501D4C53D9CF}.Release|x86.Build.0 = Release|Win32
		{FFC9FE52-C7B3-47F9-9233-E718F67416B5}.Debug|x64.ActiveCfg = Debug|x64
		{FFC9FE52-C7B3-47F9-9233-E718F67416B5}.Debug|x64.Build.0 = Debug|x64
		{FFC9FE52-C7B3-47F9-9233-E718F67416B5}.Debug|x86.ActiveCfg = Debug|Win32
		{FFC9FE52-C7B3-47F9-9233-E718F67416B5}.Debug|x86.Build.0 = Debug|Win32
		{FFC9FE52-C7B3-47F9-9233-E718F67416B5}.Release|x64.ActiveCfg = Release|x64
		{FFC9FE52-C7B3-47F9-9233-E718F67416B5}.Release|x64.Build.0 = Release|x64
		{FFC9FE52-C7B3-47F9-9233-E718F67416B5}.Release|x86.ActiveCfg = Release|Win32
		{FFC9FE52-C7B3-47F9-9233-E718F67416B5}.Release|x86.Build.0 = Release|Win32
		{7B771925-B7AD-4CEE-85C0-2189A6BD934A}.Debug|x64.ActiveCfg = Debug|x64
		{7B771925-B7AD-4CEE-85C0-2189A6BD934A}.Debug|x64.Build.0 = Debug|x64
		{7B771925-B7AD-4CEE-85C0-2189A6BD934A}.Debug|x86.ActiveCfg = Debug|Win32
		{7B771925-B7AD-4CEE-85C0-2189A6BD934A}.Debug|x86.Build.0 = Debug|Win32
		{7B771925-B7AD-4CEE-85C0-2189A6BD934A}.Release|x64.ActiveCfg = Release|x64
		{7B771925-B7AD-4CEE-85C0-2189A6BD934A}.Release|x64.Build.0 = Release|x64
		{7B771925-B7AD-4CEE-85C0-2189A6BD934A}.Release|x86.ActiveCfg = Release|Win32
		{7B771925-B7AD-4CEE-85C0-2189A6BD934A}.Release|x86.Build.0 = Release|Win32
		{CBF8AC25-F045-45E7-96D8-978728D2956A}.Debug|x64.ActiveCfg = Debug|x64
		{CBF8AC25-F045-45E7-96D8-978728D2956A}.Debug|x64.Build.0 = Debug|x64
		{CBF8AC25-F045-45E7-96D8-978728D2956A}.Debug|x86.ActiveCfg = Debug|Win32
		{CBF8AC25-F045-45E7-96D8-978728D2956A}.Debug|x86.Build.0 = Debug|Win32
		{CBF8AC25-F045-45E7-96D8-978728D2956A}.Release|x64.ActiveCfg = Release|x64
		{CBF8AC25-F045-45E7-96D8-978728D2956A}.Release|x64.Build.0 = Release|x64
		{CBF8AC25-F045-45E7-96D8-978728D2956A}.Release|x86.ActiveCfg = Release|Win32
		{CBF8AC25-F045-45E7-96D8-978728D2956A}.Release|x86.Build.0 = Release|Win32
	EndGlobalSection
	GlobalSection(SolutionProperties) = preSolution
		HideSolutionNode = FALSE
	EndGlobalSection
	GlobalSection(ExtensibilityGlobals) = postSolution
		SolutionGuid = {05B22D4E-490A-43EB-91EB-F04F757FBF64}
	EndGlobalSection
EndGlobal
